
Microsoft Visual Studio Solution File, Format Version 12.00
# Visual Studio Version 17
VisualStudioVersion = 17.6.33723.286
MinimumVisualStudioVersion = 10.0.40219.1
Project("{FAE04EC0-301F-11D3-BF4B-00C04F79EFBC}") = "PetShop6", "PetShop6.csproj", "{0E1326C6-6B5A-4090-A38F-D6D3E61FE370}"
EndProject
Global
	GlobalSection(SolutionConfigurationPlatforms) = preSolution
		Debug|Any CPU = Debug|Any CPU
		Release|Any CPU = Release|Any CPU
	EndGlobalSection
	GlobalSection(ProjectConfigurationPlatforms) = postSolution
		{0E1326C6-6B5A-4090-A38F-D6D3E61FE370}.Debug|Any CPU.ActiveCfg = Debug|Any CPU
		{0E1326C6-6B5A-4090-A38F-D6D3E61FE370}.Debug|Any CPU.Build.0 = Debug|Any CPU
		{0E1326C6-6B5A-4090-A38F-D6D3E61FE370}.Release|Any CPU.ActiveCfg = Release|Any CPU
		{0E1326C6-6B5A-4090-A38F-D6D3E61FE370}.Release|Any CPU.Build.0 = Release|Any CPU
	EndGlobalSection
	GlobalSection(SolutionProperties) = preSolution
		HideSolutionNode = FALSE
	EndGlobalSection
	GlobalSection(ExtensibilityGlobals) = postSolution
		SolutionGuid = {CE09C5F9-B11E-473C-A748-89204F6FBEC4}
	EndGlobalSection
EndGlobal
